
Microsoft Visual Studio Solution File, Format Version 12.00
# Visual Studio Version 17
VisualStudioVersion = 17.2.32526.322
MinimumVisualStudioVersion = 10.0.40219.1
Project("{9A19103F-16F7-4668-BE54-9A1E7A4F7556}") = "FileEmbed", "FileEmbed\FileEmbed.csproj", "{954B49F9-B4D4-4E84-BED9-65D5FDC1AD51}"
EndProject
Project("{9A19103F-16F7-4668-BE54-9A1E7A4F7556}") = "EmbedExample", "EmbedExample\EmbedExample.csproj", "{C93F48E6-F9E8-4C29-890B-D1BC228E19A0}"
EndProject
Project("{FAE04EC0-301F-11D3-BF4B-00C04F79EFBC}") = "FileEmbedTests", "FileEmbedTests\FileEmbedTests.csproj", "{E4ABE6F5-C071-474D-B22A-EB9E0E442C3C}"
EndProject
Global
	GlobalSection(SolutionConfigurationPlatforms) = preSolution
		Debug|Any CPU = Debug|Any CPU
		Release|Any CPU = Release|Any CPU
	EndGlobalSection
	GlobalSection(ProjectConfigurationPlatforms) = postSolution
		{954B49F9-B4D4-4E84-BED9-65D5FDC1AD51}.Debug|Any CPU.ActiveCfg = Debug|Any CPU
		{954B49F9-B4D4-4E84-BED9-65D5FDC1AD51}.Debug|Any CPU.Build.0 = Debug|Any CPU
		{954B49F9-B4D4-4E84-BED9-65D5FDC1AD51}.Release|Any CPU.ActiveCfg = Release|Any CPU
		{954B49F9-B4D4-4E84-BED9-65D5FDC1AD51}.Release|Any CPU.Build.0 = Release|Any CPU
		{C93F48E6-F9E8-4C29-890B-D1BC228E19A0}.Debug|Any CPU.ActiveCfg = Debug|Any CPU
		{C93F48E6-F9E8-4C29-890B-D1BC228E19A0}.Debug|Any CPU.Build.0 = Debug|Any CPU
		{C93F48E6-F9E8-4C29-890B-D1BC228E19A0}.Release|Any CPU.ActiveCfg = Release|Any CPU
		{C93F48E6-F9E8-4C29-890B-D1BC228E19A0}.Release|Any CPU.Build.0 = Release|Any CPU
		{E4ABE6F5-C071-474D-B22A-EB9E0E442C3C}.Debug|Any CPU.ActiveCfg = Debug|Any CPU
		{E4ABE6F5-C071-474D-B22A-EB9E0E442C3C}.Debug|Any CPU.Build.0 = Debug|Any CPU
		{E4ABE6F5-C071-474D-B22A-EB9E0E442C3C}.Release|Any CPU.ActiveCfg = Release|Any CPU
		{E4ABE6F5-C071-474D-B22A-EB9E0E442C3C}.Release|Any CPU.Build.0 = Release|Any CPU
	EndGlobalSection
	GlobalSection(SolutionProperties) = preSolution
		HideSolutionNode = FALSE
	EndGlobalSection
	GlobalSection(ExtensibilityGlobals) = postSolution
		SolutionGuid = {D1009BDF-A644-4151-8089-1B49E0D8F172}
	EndGlobalSection
EndGlobal
